<Solution>
  <Project Path="Assembly-CSharp.csproj" />
  <Project Path="Assembly-CSharp-Editor.csproj" />
  <Project Path="Assembly-CSharp-Editor-firstpass.csproj" />
  <Project Path="Assembly-CSharp-firstpass.csproj" />
  <Project Path="ARGallery.Tests.EditMode.csproj" />
  <Project Path="ARGallery.Models.csproj" />
</Solution>
